github.com/ariary/go-utils v1.0.16 h1:kNyr1uGbog9aqBS8Uth1AZSfeNR4Hgv1O8UXDpnomfs=
github.com/ariary/go-utils v1.0.16/go.mod h1:3gpTQLFaOsiZkHnCOAadPiY75nnETNYG7vOq5/o9vRk=
github.com/deckarep/golang-set/v2 v2.3.1 h1:vjmkvJt/IV27WXPyYQpAh4bRyWJc5Y435D17XQ9QU5A=
github.com/deckarep/golang-set/v2 v2.3.1/go.mod h1:VAky9rY/yGXJOLEDv3OMci+7wtDpOF4IN+y82NBOac4=
